
Microsoft Visual Studio Solution File, Format Version 12.00
# Visual Studio Version 17
VisualStudioVersion = 17.1.32104.313
MinimumVisualStudioVersion = 10.0.40219.1
Project("{FAE04EC0-301F-11D3-BF4B-00C04F79EFBC}") = "KlearTouch.MediaPlayer.Uwp", "src\KlearTouch.MediaPlayer.Uwp\KlearTouch.MediaPlayer.Uwp.csproj", "{657EB1C1-C4EB-430E-B819-EA3CE3FEED04}"
EndProject
Project("{FAE04EC0-301F-11D3-BF4B-00C04F79EFBC}") = "KlearTouchApp.MediaPlayer.Uwp", "src\KlearTouchApp.MediaPlayer.Uwp\KlearTouchApp.MediaPlayer.Uwp.csproj", "{5FF3339E-64BF-4818-BC7B-0EC998C274BB}"
EndProject
Project("{9A19103F-16F7-4668-BE54-9A1E7A4F7556}") = "KlearTouch.MediaPlayer.WinUI", "src\KlearTouch.MediaPlayer.WinUI\KlearTouch.MediaPlayer.WinUI.csproj", "{8CE5362F-FC70-4BB0-A516-1293C4BF4449}"
EndProject
Project("{9A19103F-16F7-4668-BE54-9A1E7A4F7556}") = "KlearTouchApp.MediaPlayer.WinUI", "src\KlearTouchApp.MediaPlayer.WinUI\KlearTouchApp.MediaPlayer.WinUI.csproj", "{3D8FBD14-B084-4D0F-8C64-D60FC15823E2}"
EndProject
Global
	GlobalSection(SolutionConfigurationPlatforms) = preSolution
		Debug|Any CPU = Debug|Any CPU
		Debug|ARM = Debug|ARM
		Debug|ARM64 = Debug|ARM64
		Debug|x64 = Debug|x64
		Debug|x86 = Debug|x86
		Release|Any CPU = Release|Any CPU
		Release|ARM = Release|ARM
		Release|ARM64 = Release|ARM64
		Release|x64 = Release|x64
		Release|x86 = Release|x86
	EndGlobalSection
	GlobalSection(ProjectConfigurationPlatforms) = postSolution
		{657EB1C1-C4EB-430E-B819-EA3CE3FEED04}.Debug|Any CPU.ActiveCfg = Debug|Any CPU
		{657EB1C1-C4EB-430E-B819-EA3CE3FEED04}.Debug|Any CPU.Build.0 = Debug|Any CPU
		{657EB1C1-C4EB-430E-B819-EA3CE3FEED04}.Debug|ARM.ActiveCfg = Debug|ARM
		{657EB1C1-C4EB-430E-B819-EA3CE3FEED04}.Debug|ARM.Build.0 = Debug|ARM
		{657EB1C1-C4EB-430E-B819-EA3CE3FEED04}.Debug|ARM64.ActiveCfg = Debug|ARM64
		{657EB1C1-C4EB-430E-B819-EA3CE3FEED04}.Debug|ARM64.Build.0 = Debug|ARM64
		{657EB1C1-C4EB-430E-B819-EA3CE3FEED04}.Debug|x64.ActiveCfg = Debug|x64
		{657EB1C1-C4EB-430E-B819-EA3CE3FEED04}.Debug|x64.Build.0 = Debug|x64
		{657EB1C1-C4EB-430E-B819-EA3CE3FEED04}.Debug|x86.ActiveCfg = Debug|x86
		{657EB1C1-C4EB-430E-B819-EA3CE3FEED04}.Debug|x86.Build.0 = Debug|x86
		{657EB1C1-C4EB-430E-B819-EA3CE3FEED04}.Release|Any CPU.ActiveCfg = Release|Any CPU
		{657EB1C1-C4EB-430E-B819-EA3CE3FEED04}.Release|Any CPU.Build.0 = Release|Any CPU
		{657EB1C1-C4EB-430E-B819-EA3CE3FEED04}.Release|ARM.ActiveCfg = Release|ARM
		{657EB1C1-C4EB-430E-B819-EA3CE3FEED04}.Release|ARM.Build.0 = Release|ARM
		{657EB1C1-C4EB-430E-B819-EA3CE3FEED04}.Release|ARM64.ActiveCfg = Release|ARM64
		{657EB1C1-C4EB-430E-B819-EA3CE3FEED04}.Release|ARM64.Build.0 = Release|ARM64
		{657EB1C1-C4EB-430E-B819-EA3CE3FEED04}.Release|x64.ActiveCfg = Release|x64
		{657EB1C1-C4EB-430E-B819-EA3CE3FEED04}.Release|x64.Build.0 = Release|x64
		{657EB1C1-C4EB-430E-B819-EA3CE3FEED04}.Release|x86.ActiveCfg = Release|x86
		{657EB1C1-C4EB-430E-B819-EA3CE3FEED04}.Release|x86.Build.0 = Release|x86
		{5FF3339E-64BF-4818-BC7B-0EC998C274BB}.Debug|Any CPU.ActiveCfg = Debug|x64
		{5FF3339E-64BF-4818-BC7B-0EC998C274BB}.Debug|Any CPU.Build.0 = Debug|x64
		{5FF3339E-64BF-4818-BC7B-0EC998C274BB}.Debug|Any CPU.Deploy.0 = Debug|x64
		{5FF3339E-64BF-4818-BC7B-0EC998C274BB}.Debug|ARM.ActiveCfg = Debug|ARM
		{5FF3339E-64BF-4818-BC7B-0EC998C274BB}.Debug|ARM.Build.0 = Debug|ARM
		{5FF3339E-64BF-4818-BC7B-0EC998C274BB}.Debug|ARM.Deploy.0 = Debug|ARM
		{5FF3339E-64BF-4818-BC7B-0EC998C274BB}.Debug|ARM64.ActiveCfg = Debug|ARM64
		{5FF3339E-64BF-4818-BC7B-0EC998C274BB}.Debug|ARM64.Build.0 = Debug|ARM64
		{5FF3339E-64BF-4818-BC7B-0EC998C274BB}.Debug|ARM64.Deploy.0 = Debug|ARM64
		{5FF3339E-64BF-4818-BC7B-0EC998C274BB}.Debug|x64.ActiveCfg = Debug|x64
		{5FF3339E-64BF-4818-BC7B-0EC998C274BB}.Debug|x64.Build.0 = Debug|x64
		{5FF3339E-64BF-4818-BC7B-0EC998C274BB}.Debug|x64.Deploy.0 = Debug|x64
		{5FF3339E-64BF-4818-BC7B-0EC998C274BB}.Debug|x86.ActiveCfg = Debug|x86
		{5FF3339E-64BF-4818-BC7B-0EC998C274BB}.Debug|x86.Build.0 = Debug|x86
		{5FF3339E-64BF-4818-BC7B-0EC998C274BB}.Debug|x86.Deploy.0 = Debug|x86
		{5FF3339E-64BF-4818-BC7B-0EC998C274BB}.Release|Any CPU.ActiveCfg = Release|x64
		{5FF3339E-64BF-4818-BC7B-0EC998C274BB}.Release|Any CPU.Build.0 = Release|x64
		{5FF3339E-64BF-4818-BC7B-0EC998C274BB}.Release|Any CPU.Deploy.0 = Release|x64
		{5FF3339E-64BF-4818-BC7B-0EC998C274BB}.Release|ARM.ActiveCfg = Release|ARM
		{5FF3339E-64BF-4818-BC7B-0EC998C274BB}.Release|ARM.Build.0 = Release|ARM
		{5FF3339E-64BF-4818-BC7B-0EC998C274BB}.Release|ARM.Deploy.0 = Release|ARM
		{5FF3339E-64BF-4818-BC7B-0EC998C274BB}.Release|ARM64.ActiveCfg = Release|ARM64
		{5FF3339E-64BF-4818-BC7B-0EC998C274BB}.Release|ARM64.Build.0 = Release|ARM64
		{5FF3339E-64BF-4818-BC7B-0EC998C274BB}.Release|ARM64.Deploy.0 = Release|ARM64
		{5FF3339E-64BF-4818-BC7B-0EC998C274BB}.Release|x64.ActiveCfg = Release|x64
		{5FF3339E-64BF-4818-BC7B-0EC998C274BB}.Release|x64.Build.0 = Release|x64
		{5FF3339E-64BF-4818-BC7B-0EC998C274BB}.Release|x64.Deploy.0 = Release|x64
		{5FF3339E-64BF-4818-BC7B-0EC998C274BB}.Release|x86.ActiveCfg = Release|x86
		{5FF3339E-64BF-4818-BC7B-0EC998C274BB}.Release|x86.Build.0 = Release|x86
		{5FF3339E-64BF-4818-BC7B-0EC998C274BB}.Release|x86.Deploy.0 = Release|x86
		{8CE5362F-FC70-4BB0-A516-1293C4BF4449}.Debug|Any CPU.ActiveCfg = Debug|Any CPU
		{8CE5362F-FC70-4BB0-A516-1293C4BF4449}.Debug|Any CPU.Build.0 = Debug|Any CPU
		{8CE5362F-FC70-4BB0-A516-1293C4BF4449}.Debug|ARM.ActiveCfg = Debug|Any CPU
		{8CE5362F-FC70-4BB0-A516-1293C4BF4449}.Debug|ARM.Build.0 = Debug|Any CPU
		{8CE5362F-FC70-4BB0-A516-1293C4BF4449}.Debug|ARM64.ActiveCfg = Debug|Any CPU
		{8CE5362F-FC70-4BB0-A516-1293C4BF4449}.Debug|ARM64.Build.0 = Debug|Any CPU
		{8CE5362F-FC70-4BB0-A516-1293C4BF4449}.Debug|x64.ActiveCfg = Debug|Any CPU
		{8CE5362F-FC70-4BB0-A516-1293C4BF4449}.Debug|x64.Build.0 = Debug|Any CPU
		{8CE5362F-FC70-4BB0-A516-1293C4BF4449}.Debug|x86.ActiveCfg = Debug|Any CPU
		{8CE5362F-FC70-4BB0-A516-1293C4BF4449}.Debug|x86.Build.0 = Debug|Any CPU
		{8CE5362F-FC70-4BB0-A516-1293C4BF4449}.Release|Any CPU.ActiveCfg = Release|Any CPU
		{8CE5362F-FC70-4BB0-A516-1293C4BF4449}.Release|Any CPU.Build.0 = Release|Any CPU
		{8CE5362F-FC70-4BB0-A516-1293C4BF4449}.Release|ARM.ActiveCfg = Release|Any CPU
		{8CE5362F-FC70-4BB0-A516-1293C4BF4449}.Release|ARM.Build.0 = Release|Any CPU
		{8CE5362F-FC70-4BB0-A516-1293C4BF4449}.Release|ARM64.ActiveCfg = Release|Any CPU
		{8CE5362F-FC70-4BB0-A516-1293C4BF4449}.Release|ARM64.Build.0 = Release|Any CPU
		{8CE5362F-FC70-4BB0-A516-1293C4BF4449}.Release|x64.ActiveCfg = Release|Any CPU
		{8CE5362F-FC70-4BB0-A516-1293C4BF4449}.Release|x64.Build.0 = Release|Any CPU
		{8CE5362F-FC70-4BB0-A516-1293C4BF4449}.Release|x86.ActiveCfg = Release|Any CPU
		{8CE5362F-FC70-4BB0-A516-1293C4BF4449}.Release|x86.Build.0 = Release|Any CPU
		{3D8FBD14-B084-4D0F-8C64-D60FC15823E2}.Debug|Any CPU.ActiveCfg = Debug|x64
		{3D8FBD14-B084-4D0F-8C64-D60FC15823E2}.Debug|Any CPU.Build.0 = Debug|x64
		{3D8FBD14-B084-4D0F-8C64-D60FC15823E2}.Debug|Any CPU.Deploy.0 = Debug|x64
		{3D8FBD14-B084-4D0F-8C64-D60FC15823E2}.Debug|ARM.ActiveCfg = Debug|x64
		{3D8FBD14-B084-4D0F-8C64-D60FC15823E2}.Debug|ARM.Build.0 = Debug|x64
		{3D8FBD14-B084-4D0F-8C64-D60FC15823E2}.Debug|ARM.Deploy.0 = Debug|x64
		{3D8FBD14-B084-4D0F-8C64-D60FC15823E2}.Debug|ARM64.ActiveCfg = Debug|arm64
		{3D8FBD14-B084-4D0F-8C64-D60FC15823E2}.Debug|ARM64.Build.0 = Debug|arm64
		{3D8FBD14-B084-4D0F-8C64-D60FC15823E2}.Debug|ARM64.Deploy.0 = Debug|arm64
		{3D8FBD14-B084-4D0F-8C64-D60FC15823E2}.Debug|x64.ActiveCfg = Debug|x64
		{3D8FBD14-B084-4D0F-8C64-D60FC15823E2}.Debug|x64.Build.0 = Debug|x64
		{3D8FBD14-B084-4D0F-8C64-D60FC15823E2}.Debug|x64.Deploy.0 = Debug|x64
		{3D8FBD14-B084-4D0F-8C64-D60FC15823E2}.Debug|x86.ActiveCfg = Debug|x86
		{3D8FBD14-B084-4D0F-8C64-D60FC15823E2}.Debug|x86.Build.0 = Debug|x86
		{3D8FBD14-B084-4D0F-8C64-D60FC15823E2}.Debug|x86.Deploy.0 = Debug|x86
		{3D8FBD14-B084-4D0F-8C64-D60FC15823E2}.Release|Any CPU.ActiveCfg = Release|x64
		{3D8FBD14-B084-4D0F-8C64-D60FC15823E2}.Release|Any CPU.Build.0 = Release|x64
		{3D8FBD14-B084-4D0F-8C64-D60FC15823E2}.Release|Any CPU.Deploy.0 = Release|x64
		{3D8FBD14-B084-4D0F-8C64-D60FC15823E2}.Release|ARM.ActiveCfg = Release|x64
		{3D8FBD14-B084-4D0F-8C64-D60FC15823E2}.Release|ARM.Build.0 = Release|x64
		{3D8FBD14-B084-4D0F-8C64-D60FC15823E2}.Release|ARM.Deploy.0 = Release|x64
		{3D8FBD14-B084-4D0F-8C64-D60FC15823E2}.Release|ARM64.ActiveCfg = Release|arm64
		{3D8FBD14-B084-4D0F-8C64-D60FC15823E2}.Release|ARM64.Build.0 = Release|arm64
		{3D8FBD14-B084-4D0F-8C64-D60FC15823E2}.Release|ARM64.Deploy.0 = Release|arm64
		{3D8FBD14-B084-4D0F-8C64-D60FC15823E2}.Release|x64.ActiveCfg = Release|x64
		{3D8FBD14-B084-4D0F-8C64-D60FC15823E2}.Release|x64.Build.0 = Release|x64
		{3D8FBD14-B084-4D0F-8C64-D60FC15823E2}.Release|x64.Deploy.0 = Release|x64
		{3D8FBD14-B084-4D0F-8C64-D60FC15823E2}.Release|x86.ActiveCfg = Release|x86
		{3D8FBD14-B084-4D0F-8C64-D60FC15823E2}.Release|x86.Build.0 = Release|x86
		{3D8FBD14-B084-4D0F-8C64-D60FC15823E2}.Release|x86.Deploy.0 = Release|x86
	EndGlobalSection
	GlobalSection(SolutionProperties) = preSolution
		HideSolutionNode = FALSE
	EndGlobalSection
	GlobalSection(ExtensibilityGlobals) = postSolution
		SolutionGuid = {9825824B-5654-45AB-BFAB-649A56BCCF16}
	EndGlobalSection
EndGlobal
